
Microsoft Visual Studio Solution File, Format Version 12.00
# Visual Studio Version 17
VisualStudioVersion = 17.0.32112.339
MinimumVisualStudioVersion = 10.0.40219.1
Project("{FAE04EC0-301F-11D3-BF4B-00C04F79EFBC}") = "MyPortfolioWebAPI", "MyPortfolioWebAPI\MyPortfolioWebAPI.csproj", "{E77FD92B-C730-44A8-BA25-8993263EF63B}"
EndProject
Global
	GlobalSection(SolutionConfigurationPlatforms) = preSolution
		Debug|Any CPU = Debug|Any CPU
		Release|Any CPU = Release|Any CPU
	EndGlobalSection
	GlobalSection(ProjectConfigurationPlatforms) = postSolution
		{E77FD92B-C730-44A8-BA25-8993263EF63B}.Debug|Any CPU.ActiveCfg = Debug|Any CPU
		{E77FD92B-C730-44A8-BA25-8993263EF63B}.Debug|Any CPU.Build.0 = Debug|Any CPU
		{E77FD92B-C730-44A8-BA25-8993263EF63B}.Release|Any CPU.ActiveCfg = Release|Any CPU
		{E77FD92B-C730-44A8-BA25-8993263EF63B}.Release|Any CPU.Build.0 = Release|Any CPU
	EndGlobalSection
	GlobalSection(SolutionProperties) = preSolution
		HideSolutionNode = FALSE
	EndGlobalSection
	GlobalSection(ExtensibilityGlobals) = postSolution
		SolutionGuid = {A08CA7B8-1F5D-4580-9FF6-8C185C1EC1E9}
	EndGlobalSection
EndGlobal
